
Microsoft Visual Studio Solution File, Format Version 12.00
Project("{FAE04EC0-301F-11D3-BF4B-00C04F79EFBC}") = "RquestBridge", "app\RquestBridge\RquestBridge.csproj", "{12B6EFC4-FDE5-49AC-8189-9D810E548C08}"
EndProject
Project("{FAE04EC0-301F-11D3-BF4B-00C04F79EFBC}") = "FiveSafes.Net", "lib\FiveSafes.Net\FiveSafes.Net\FiveSafes.Net.csproj", "{158BD63C-7D19-457E-AC3E-93AE978928DA}"
EndProject
Project("{FAE04EC0-301F-11D3-BF4B-00C04F79EFBC}") = "FiveSafes.Net.Tests", "lib\FiveSafes.Net\FiveSafes.Net.Tests\FiveSafes.Net.Tests.csproj", "{9E8452B3-F497-43B9-90BC-94226D00202B}"
EndProject
Project("{FAE04EC0-301F-11D3-BF4B-00C04F79EFBC}") = "RquestBridge.Tests", "tests\RquestBridge.Tests\RquestBridge.Tests.csproj", "{CB5A7F6F-ADCF-4C4A-B34C-CCCE68EA6290}"
EndProject
Global
	GlobalSection(SolutionConfigurationPlatforms) = preSolution
		Debug|Any CPU = Debug|Any CPU
		Release|Any CPU = Release|Any CPU
	EndGlobalSection
	GlobalSection(ProjectConfigurationPlatforms) = postSolution
		{54B0336B-90EA-49C4-90F1-312AF9996E60}.Debug|Any CPU.ActiveCfg = Debug|Any CPU
		{54B0336B-90EA-49C4-90F1-312AF9996E60}.Debug|Any CPU.Build.0 = Debug|Any CPU
		{54B0336B-90EA-49C4-90F1-312AF9996E60}.Release|Any CPU.ActiveCfg = Release|Any CPU
		{54B0336B-90EA-49C4-90F1-312AF9996E60}.Release|Any CPU.Build.0 = Release|Any CPU
		{12B6EFC4-FDE5-49AC-8189-9D810E548C08}.Debug|Any CPU.ActiveCfg = Debug|Any CPU
		{12B6EFC4-FDE5-49AC-8189-9D810E548C08}.Debug|Any CPU.Build.0 = Debug|Any CPU
		{12B6EFC4-FDE5-49AC-8189-9D810E548C08}.Release|Any CPU.ActiveCfg = Release|Any CPU
		{12B6EFC4-FDE5-49AC-8189-9D810E548C08}.Release|Any CPU.Build.0 = Release|Any CPU
		{158BD63C-7D19-457E-AC3E-93AE978928DA}.Debug|Any CPU.ActiveCfg = Debug|Any CPU
		{158BD63C-7D19-457E-AC3E-93AE978928DA}.Debug|Any CPU.Build.0 = Debug|Any CPU
		{158BD63C-7D19-457E-AC3E-93AE978928DA}.Release|Any CPU.ActiveCfg = Release|Any CPU
		{158BD63C-7D19-457E-AC3E-93AE978928DA}.Release|Any CPU.Build.0 = Release|Any CPU
		{9E8452B3-F497-43B9-90BC-94226D00202B}.Debug|Any CPU.ActiveCfg = Debug|Any CPU
		{9E8452B3-F497-43B9-90BC-94226D00202B}.Debug|Any CPU.Build.0 = Debug|Any CPU
		{9E8452B3-F497-43B9-90BC-94226D00202B}.Release|Any CPU.ActiveCfg = Release|Any CPU
		{9E8452B3-F497-43B9-90BC-94226D00202B}.Release|Any CPU.Build.0 = Release|Any CPU
		{CB5A7F6F-ADCF-4C4A-B34C-CCCE68EA6290}.Debug|Any CPU.ActiveCfg = Debug|Any CPU
		{CB5A7F6F-ADCF-4C4A-B34C-CCCE68EA6290}.Debug|Any CPU.Build.0 = Debug|Any CPU
		{CB5A7F6F-ADCF-4C4A-B34C-CCCE68EA6290}.Release|Any CPU.ActiveCfg = Release|Any CPU
		{CB5A7F6F-ADCF-4C4A-B34C-CCCE68EA6290}.Release|Any CPU.Build.0 = Release|Any CPU
	EndGlobalSection
EndGlobal
