
Microsoft Visual Studio Solution File, Format Version 12.00
Project("{FAE04EC0-301F-11D3-BF4B-00C04F79EFBC}") = "FiveSafes.Net", "FiveSafes.Net\FiveSafes.Net.csproj", "{EFDC9A56-67CF-473D-915A-D9FD97DFCA37}"
EndProject
Global
	GlobalSection(SolutionConfigurationPlatforms) = preSolution
		Debug|Any CPU = Debug|Any CPU
		Release|Any CPU = Release|Any CPU
	EndGlobalSection
	GlobalSection(ProjectConfigurationPlatforms) = postSolution
		{EFDC9A56-67CF-473D-915A-D9FD97DFCA37}.Debug|Any CPU.ActiveCfg = Debug|Any CPU
		{EFDC9A56-67CF-473D-915A-D9FD97DFCA37}.Debug|Any CPU.Build.0 = Debug|Any CPU
		{EFDC9A56-67CF-473D-915A-D9FD97DFCA37}.Release|Any CPU.ActiveCfg = Release|Any CPU
		{EFDC9A56-67CF-473D-915A-D9FD97DFCA37}.Release|Any CPU.Build.0 = Release|Any CPU
	EndGlobalSection
EndGlobal
